
Microsoft Visual Studio Solution File, Format Version 12.00
# Visual Studio Version 16
VisualStudioVersion = 16.0.29920.165
MinimumVisualStudioVersion = 10.0.40219.1
Project("{FAE04EC0-301F-11D3-BF4B-00C04F79EFBC}") = "Threading", "Threading\Threading.csproj", "{BEE024ED-179D-435C-8D0C-639ECD76044C}"
EndProject
Global
	GlobalSection(SolutionConfigurationPlatforms) = preSolution
		Debug|Any CPU = Debug|Any CPU
		Release|Any CPU = Release|Any CPU
	EndGlobalSection
	GlobalSection(ProjectConfigurationPlatforms) = postSolution
		{BEE024ED-179D-435C-8D0C-639ECD76044C}.Debug|Any CPU.ActiveCfg = Debug|Any CPU
		{BEE024ED-179D-435C-8D0C-639ECD76044C}.Debug|Any CPU.Build.0 = Debug|Any CPU
		{BEE024ED-179D-435C-8D0C-639ECD76044C}.Release|Any CPU.ActiveCfg = Release|Any CPU
		{BEE024ED-179D-435C-8D0C-639ECD76044C}.Release|Any CPU.Build.0 = Release|Any CPU
	EndGlobalSection
	GlobalSection(SolutionProperties) = preSolution
		HideSolutionNode = FALSE
	EndGlobalSection
	GlobalSection(ExtensibilityGlobals) = postSolution
		SolutionGuid = {B7035F0B-E73C-445F-B377-B34953BB321D}
	EndGlobalSection
EndGlobal
